{
  "originHash" : "35e7a2c1f285ab2004e3d2311d8a92d4ea0e57d1e24739bc59ed84b5365dc6f0",
  "pins" : [
    {
      "identity" : "asynccorebluetooth",
      "kind" : "remoteSourceControl",
      "location" : "https://github.com/meech-ward/AsyncCoreBluetooth.git",
      "state" : {
        "branch" : "main",
        "revision" : "39f1d518c879ed70b29ea90a2e014b5d84aa81c9"
      }
    },
    {
      "identity" : "asyncobservable",
      "kind" : "remoteSourceControl",
      "location" : "https://github.com/meech-ward/AsyncObservable.git",
      "state" : {
        "branch" : "main",
        "revision" : "0c7bdec1fb0c5341de7e463385683cb0b655f885"
      }
    },
    {
      "identity" : "combine-schedulers",
      "kind" : "remoteSourceControl",
      "location" : "https://github.com/pointfreeco/combine-schedulers",
      "state" : {
        "revision" : "fd16d76fd8b9a976d88bfb6cacc05ca8d19c91b6",
        "version" : "1.1.0"
      }
    },
    {
      "identity" : "ios-corebluetooth-mock",
      "kind" : "remoteSourceControl",
      "location" : "https://github.com/meech-ward/IOS-CoreBluetooth-Mock.git",
      "state" : {
        "branch" : "main",
        "revision" : "10845e90f870a20c5b0a0471a28c8bff8ca2027a"
      }
    },
    {
      "identity" : "swift-async-algorithms",
      "kind" : "remoteSourceControl",
      "location" : "https://github.com/apple/swift-async-algorithms.git",
      "state" : {
        "revision" : "9d349bcc328ac3c31ce40e746b5882742a0d1272",
        "version" : "1.1.3"
      }
    },
    {
      "identity" : "swift-collections",
      "kind" : "remoteSourceControl",
      "location" : "https://github.com/apple/swift-collections.git",
      "state" : {
        "revision" : "c11818f3cae0780656baa430b49e7f163f08dffd",
        "version" : "1.1.6"
      }
    },
    {
      "identity" : "swift-concurrency-extras",
      "kind" : "remoteSourceControl",
      "location" : "https://github.com/pointfreeco/swift-concurrency-extras",
      "state" : {
        "revision" : "5a3825302b1a0d744183200915a47b508c828e6f",
        "version" : "1.3.2"
      }
    },
    {
      "identity" : "xctest-dynamic-overlay",
      "kind" : "remoteSourceControl",
      "location" : "https://github.com/pointfreeco/xctest-dynamic-overlay",
      "state" : {
        "revision" : "34e463e98ab8541c604af706c99bed7160f5ec70",
        "version" : "1.8.1"
      }
    }
  ],
  "version" : 3
}
