// !$*UTF8*$!
{
	archiveVersion = 1;
	classes = {
	};
	objectVersion = 77;
	objects = {

/* Begin PBXBuildFile section */
		69206DA72D3EDAFC00408EF5 /* README.md in Resources */ = {isa = PBXBuildFile; fileRef = 69206DA62D3EDAFC00408EF5 /* README.md */; };
		EA386B9B2DFF8E6400FEB1A1 /* SpeedFromLocationServices in Frameworks */ = {isa = PBXBuildFile; productRef = EA386B9A2DFF8E6400FEB1A1 /* SpeedFromLocationServices */; };
/* End PBXBuildFile section */

/* Begin PBXContainerItemProxy section */
		69F539012D31CFD800AFBB3A /* PBXContainerItemProxy */ = {
			isa = PBXContainerItemProxy;
			containerPortal = 69F538E82D31CFD600AFBB3A /* Project object */;
			proxyType = 1;
			remoteGlobalIDString = 69F538EF2D31CFD600AFBB3A;
			remoteInfo = Biker;
		};
		69F5390B2D31CFD800AFBB3A /* PBXContainerItemProxy */ = {
			isa = PBXContainerItemProxy;
			containerPortal = 69F538E82D31CFD600AFBB3A /* Project object */;
			proxyType = 1;
			remoteGlobalIDString = 69F538EF2D31CFD600AFBB3A;
			remoteInfo = Biker;
		};
/* End PBXContainerItemProxy section */

/* Begin PBXFileReference section */
		6919220F2D442A78009C7051 /* SpeedFromLocationServices */ = {isa = PBXFileReference; lastKnownFileType = wrapper; path = SpeedFromLocationServices; sourceTree = "<group>"; };
		69206DA62D3EDAFC00408EF5 /* README.md */ = {isa = PBXFileReference; lastKnownFileType = net.daringfireball.markdown; path = README.md; sourceTree = "<group>"; };
		69F538F02D31CFD600AFBB3A /* Biker.app */ = {isa = PBXFileReference; explicitFileType = wrapper.application; includeInIndex = 0; path = Biker.app; sourceTree = BUILT_PRODUCTS_DIR; };
		69F539002D31CFD800AFBB3A /* BikerTests.xctest */ = {isa = PBXFileReference; explicitFileType = wrapper.cfbundle; includeInIndex = 0; path = BikerTests.xctest; sourceTree = BUILT_PRODUCTS_DIR; };
		69F5390A2D31CFD800AFBB3A /* BikerUITests.xctest */ = {isa = PBXFileReference; explicitFileType = wrapper.cfbundle; includeInIndex = 0; path = BikerUITests.xctest; sourceTree = BUILT_PRODUCTS_DIR; };
/* End PBXFileReference section */

/* Begin PBXFileSystemSynchronizedBuildFileExceptionSet section */
		691922122D44458F009C7051 /* Exceptions for "Biker" folder in "Biker" target */ = {
			isa = PBXFileSystemSynchronizedBuildFileExceptionSet;
			membershipExceptions = (
				Info.plist,
			);
			target = 69F538EF2D31CFD600AFBB3A /* Biker */;
		};
/* End PBXFileSystemSynchronizedBuildFileExceptionSet section */

/* Begin PBXFileSystemSynchronizedRootGroup section */
		69F538F22D31CFD600AFBB3A /* Biker */ = {
			isa = PBXFileSystemSynchronizedRootGroup;
			exceptions = (
				691922122D44458F009C7051 /* Exceptions for "Biker" folder in "Biker" target */,
			);
			path = Biker;
			sourceTree = "<group>";
		};
		69F539032D31CFD800AFBB3A /* BikerTests */ = {
			isa = PBXFileSystemSynchronizedRootGroup;
			path = BikerTests;
			sourceTree = "<group>";
		};
		69F5390D2D31CFD800AFBB3A /* BikerUITests */ = {
			isa = PBXFileSystemSynchronizedRootGroup;
			path = BikerUITests;
			sourceTree = "<group>";
		};
/* End PBXFileSystemSynchronizedRootGroup section */

/* Begin PBXFrameworksBuildPhase section */
		69F538ED2D31CFD600AFBB3A /* Frameworks */ = {
			isa = PBXFrameworksBuildPhase;
			buildActionMask = 2147483647;
			files = (
				EA386B9B2DFF8E6400FEB1A1 /* SpeedFromLocationServices in Frameworks */,
			);
			runOnlyForDeploymentPostprocessing = 0;
		};
		69F538FD2D31CFD800AFBB3A /* Frameworks */ = {
			isa = PBXFrameworksBuildPhase;
			buildActionMask = 2147483647;
			files = (
			);
			runOnlyForDeploymentPostprocessing = 0;
		};
		69F539072D31CFD800AFBB3A /* Frameworks */ = {
			isa = PBXFrameworksBuildPhase;
			buildActionMask = 2147483647;
			files = (
			);
			runOnlyForDeploymentPostprocessing = 0;
		};
/* End PBXFrameworksBuildPhase section */

/* Begin PBXGroup section */
		692DAE772D31EAFD00C9E29D /* Frameworks */ = {
			isa = PBXGroup;
			children = (
			);
			name = Frameworks;
			sourceTree = "<group>";
		};
		69F538E72D31CFD600AFBB3A = {
			isa = PBXGroup;
			children = (
				69206DA62D3EDAFC00408EF5 /* README.md */,
				6919220F2D442A78009C7051 /* SpeedFromLocationServices */,
				69F538F22D31CFD600AFBB3A /* Biker */,
				69F539032D31CFD800AFBB3A /* BikerTests */,
				69F5390D2D31CFD800AFBB3A /* BikerUITests */,
				692DAE772D31EAFD00C9E29D /* Frameworks */,
				69F538F12D31CFD600AFBB3A /* Products */,
			);
			sourceTree = "<group>";
		};
		69F538F12D31CFD600AFBB3A /* Products */ = {
			isa = PBXGroup;
			children = (
				69F538F02D31CFD600AFBB3A /* Biker.app */,
				69F539002D31CFD800AFBB3A /* BikerTests.xctest */,
				69F5390A2D31CFD800AFBB3A /* BikerUITests.xctest */,
			);
			name = Products;
			sourceTree = "<group>";
		};
/* End PBXGroup section */

/* Begin PBXNativeTarget section */
		69F538EF2D31CFD600AFBB3A /* Biker */ = {
			isa = PBXNativeTarget;
			buildConfigurationList = 69F539142D31CFD800AFBB3A /* Build configuration list for PBXNativeTarget "Biker" */;
			buildPhases = (
				69F538EC2D31CFD600AFBB3A /* Sources */,
				69F538ED2D31CFD600AFBB3A /* Frameworks */,
				69F538EE2D31CFD600AFBB3A /* Resources */,
			);
			buildRules = (
			);
			dependencies = (
			);
			fileSystemSynchronizedGroups = (
				69F538F22D31CFD600AFBB3A /* Biker */,
			);
			name = Biker;
			packageProductDependencies = (
				EA386B9A2DFF8E6400FEB1A1 /* SpeedFromLocationServices */,
			);
			productName = Biker;
			productReference = 69F538F02D31CFD600AFBB3A /* Biker.app */;
			productType = "com.apple.product-type.application";
		};
		69F538FF2D31CFD800AFBB3A /* BikerTests */ = {
			isa = PBXNativeTarget;
			buildConfigurationList = 69F539172D31CFD800AFBB3A /* Build configuration list for PBXNativeTarget "BikerTests" */;
			buildPhases = (
				69F538FC2D31CFD800AFBB3A /* Sources */,
				69F538FD2D31CFD800AFBB3A /* Frameworks */,
				69F538FE2D31CFD800AFBB3A /* Resources */,
			);
			buildRules = (
			);
			dependencies = (
				69F539022D31CFD800AFBB3A /* PBXTargetDependency */,
			);
			fileSystemSynchronizedGroups = (
				69F539032D31CFD800AFBB3A /* BikerTests */,
			);
			name = BikerTests;
			packageProductDependencies = (
			);
			productName = BikerTests;
			productReference = 69F539002D31CFD800AFBB3A /* BikerTests.xctest */;
			productType = "com.apple.product-type.bundle.unit-test";
		};
		69F539092D31CFD800AFBB3A /* BikerUITests */ = {
			isa = PBXNativeTarget;
			buildConfigurationList = 69F5391A2D31CFD800AFBB3A /* Build configuration list for PBXNativeTarget "BikerUITests" */;
			buildPhases = (
				69F539062D31CFD800AFBB3A /* Sources */,
				69F539072D31CFD800AFBB3A /* Frameworks */,
				69F539082D31CFD800AFBB3A /* Resources */,
			);
			buildRules = (
			);
			dependencies = (
				69F5390C2D31CFD800AFBB3A /* PBXTargetDependency */,
			);
			fileSystemSynchronizedGroups = (
				69F5390D2D31CFD800AFBB3A /* BikerUITests */,
			);
			name = BikerUITests;
			packageProductDependencies = (
			);
			productName = BikerUITests;
			productReference = 69F5390A2D31CFD800AFBB3A /* BikerUITests.xctest */;
			productType = "com.apple.product-type.bundle.ui-testing";
		};
/* End PBXNativeTarget section */

/* Begin PBXProject section */
		69F538E82D31CFD600AFBB3A /* Project object */ = {
			isa = PBXProject;
			attributes = {
				BuildIndependentTargetsInParallel = 1;
				LastSwiftUpdateCheck = 1620;
				LastUpgradeCheck = 1620;
				TargetAttributes = {
					69F538EF2D31CFD600AFBB3A = {
						CreatedOnToolsVersion = 16.2;
					};
					69F538FF2D31CFD800AFBB3A = {
						CreatedOnToolsVersion = 16.2;
						TestTargetID = 69F538EF2D31CFD600AFBB3A;
					};
					69F539092D31CFD800AFBB3A = {
						CreatedOnToolsVersion = 16.2;
						TestTargetID = 69F538EF2D31CFD600AFBB3A;
					};
				};
			};
			buildConfigurationList = 69F538EB2D31CFD600AFBB3A /* Build configuration list for PBXProject "Biker" */;
			developmentRegion = en;
			hasScannedForEncodings = 0;
			knownRegions = (
				en,
				Base,
			);
			mainGroup = 69F538E72D31CFD600AFBB3A;
			minimizedProjectReferenceProxies = 1;
			preferredProjectObjectVersion = 77;
			productRefGroup = 69F538F12D31CFD600AFBB3A /* Products */;
			projectDirPath = "";
			projectRoot = "";
			targets = (
				69F538EF2D31CFD600AFBB3A /* Biker */,
				69F538FF2D31CFD800AFBB3A /* BikerTests */,
				69F539092D31CFD800AFBB3A /* BikerUITests */,
			);
		};
/* End PBXProject section */

/* Begin PBXResourcesBuildPhase section */
		69F538EE2D31CFD600AFBB3A /* Resources */ = {
			isa = PBXResourcesBuildPhase;
			buildActionMask = 2147483647;
			files = (
				69206DA72D3EDAFC00408EF5 /* README.md in Resources */,
			);
			runOnlyForDeploymentPostprocessing = 0;
		};
		69F538FE2D31CFD800AFBB3A /* Resources */ = {
			isa = PBXResourcesBuildPhase;
			buildActionMask = 2147483647;
			files = (
			);
			runOnlyForDeploymentPostprocessing = 0;
		};
		69F539082D31CFD800AFBB3A /* Resources */ = {
			isa = PBXResourcesBuildPhase;
			buildActionMask = 2147483647;
			files = (
			);
			runOnlyForDeploymentPostprocessing = 0;
		};
/* End PBXResourcesBuildPhase section */

/* Begin PBXSourcesBuildPhase section */
		69F538EC2D31CFD600AFBB3A /* Sources */ = {
			isa = PBXSourcesBuildPhase;
			buildActionMask = 2147483647;
			files = (
			);
			runOnlyForDeploymentPostprocessing = 0;
		};
		69F538FC2D31CFD800AFBB3A /* Sources */ = {
			isa = PBXSourcesBuildPhase;
			buildActionMask = 2147483647;
			files = (
			);
			runOnlyForDeploymentPostprocessing = 0;
		};
		69F539062D31CFD800AFBB3A /* Sources */ = {
			isa = PBXSourcesBuildPhase;
			buildActionMask = 2147483647;
			files = (
			);
			runOnlyForDeploymentPostprocessing = 0;
		};
/* End PBXSourcesBuildPhase section */

/* Begin PBXTargetDependency section */
		69F539022D31CFD800AFBB3A /* PBXTargetDependency */ = {
			isa = PBXTargetDependency;
			target = 69F538EF2D31CFD600AFBB3A /* Biker */;
			targetProxy = 69F539012D31CFD800AFBB3A /* PBXContainerItemProxy */;
		};
		69F5390C2D31CFD800AFBB3A /* PBXTargetDependency */ = {
			isa = PBXTargetDependency;
			target = 69F538EF2D31CFD600AFBB3A /* Biker */;
			targetProxy = 69F5390B2D31CFD800AFBB3A /* PBXContainerItemProxy */;
		};
/* End PBXTargetDependency section */

/* Begin XCBuildConfiguration section */
		69F539122D31CFD800AFBB3A /* Debug */ = {
			isa = XCBuildConfiguration;
			buildSettings = {
				ALWAYS_SEARCH_USER_PATHS = NO;
				ASSETCATALOG_COMPILER_GENERATE_SWIFT_ASSET_SYMBOL_EXTENSIONS = YES;
				CLANG_ANALYZER_NONNULL = YES;
				CLANG_ANALYZER_NUMBER_OBJECT_CONVERSION = YES_AGGRESSIVE;
				CLANG_CXX_LANGUAGE_STANDARD = "gnu++20";
				CLANG_ENABLE_MODULES = YES;
				CLANG_ENABLE_OBJC_ARC = YES;
				CLANG_ENABLE_OBJC_WEAK = YES;
				CLANG_WARN_BLOCK_CAPTURE_AUTORELEASING = YES;
				CLANG_WARN_BOOL_CONVERSION = YES;
				CLANG_WARN_COMMA = YES;
				CLANG_WARN_CONSTANT_CONVERSION = YES;
				CLANG_WARN_DEPRECATED_OBJC_IMPLEMENTATIONS = YES;
				CLANG_WARN_DIRECT_OBJC_ISA_USAGE = YES_ERROR;
				CLANG_WARN_DOCUMENTATION_COMMENTS = YES;
				CLANG_WARN_EMPTY_BODY = YES;
				CLANG_WARN_ENUM_CONVERSION = YES;
				CLANG_WARN_INFINITE_RECURSION = YES;
				CLANG_WARN_INT_CONVERSION = YES;
				CLANG_WARN_NON_LITERAL_NULL_CONVERSION = YES;
				CLANG_WARN_OBJC_IMPLICIT_RETAIN_SELF = YES;
				CLANG_WARN_OBJC_LITERAL_CONVERSION = YES;
				CLANG_WARN_OBJC_ROOT_CLASS = YES_ERROR;
				CLANG_WARN_QUOTED_INCLUDE_IN_FRAMEWORK_HEADER = YES;
				CLANG_WARN_RANGE_LOOP_ANALYSIS = YES;
				CLANG_WARN_STRICT_PROTOTYPES = YES;
				CLANG_WARN_SUSPICIOUS_MOVE = YES;
				CLANG_WARN_UNGUARDED_AVAILABILITY = YES_AGGRESSIVE;
				CLANG_WARN_UNREACHABLE_CODE = YES;
				CLANG_WARN__DUPLICATE_METHOD_MATCH = YES;
				COPY_PHASE_STRIP = NO;
				DEBUG_INFORMATION_FORMAT = dwarf;
				ENABLE_STRICT_OBJC_MSGSEND = YES;
				ENABLE_TESTABILITY = YES;
				ENABLE_USER_SCRIPT_SANDBOXING = YES;
				GCC_C_LANGUAGE_STANDARD = gnu17;
				GCC_DYNAMIC_NO_PIC = NO;
				GCC_NO_COMMON_BLOCKS = YES;
				GCC_OPTIMIZATION_LEVEL = 0;
				GCC_PREPROCESSOR_DEFINITIONS = (
					"DEBUG=1",
					"$(inherited)",
				);
				GCC_WARN_64_TO_32_BIT_CONVERSION = YES;
				GCC_WARN_ABOUT_RETURN_TYPE = YES_ERROR;
				GCC_WARN_UNDECLARED_SELECTOR = YES;
				GCC_WARN_UNINITIALIZED_AUTOS = YES_AGGRESSIVE;
				GCC_WARN_UNUSED_FUNCTION = YES;
				GCC_WARN_UNUSED_VARIABLE = YES;
				IPHONEOS_DEPLOYMENT_TARGET = 18.2;
				LOCALIZATION_PREFERS_STRING_CATALOGS = YES;
				MTL_ENABLE_DEBUG_INFO = INCLUDE_SOURCE;
				MTL_FAST_MATH = YES;
				ONLY_ACTIVE_ARCH = YES;
				SDKROOT = iphoneos;
				SWIFT_ACTIVE_COMPILATION_CONDITIONS = "DEBUG $(inherited)";
				SWIFT_DEFAULT_ACTOR_ISOLATION = MainActor;
				SWIFT_OPTIMIZATION_LEVEL = "-Onone";
			};
			name = Debug;
		};
		69F539132D31CFD800AFBB3A /* Release */ = {
			isa = XCBuildConfiguration;
			buildSettings = {
				ALWAYS_SEARCH_USER_PATHS = NO;
				ASSETCATALOG_COMPILER_GENERATE_SWIFT_ASSET_SYMBOL_EXTENSIONS = YES;
				CLANG_ANALYZER_NONNULL = YES;
				CLANG_ANALYZER_NUMBER_OBJECT_CONVERSION = YES_AGGRESSIVE;
				CLANG_CXX_LANGUAGE_STANDARD = "gnu++20";
				CLANG_ENABLE_MODULES = YES;
				CLANG_ENABLE_OBJC_ARC = YES;
				CLANG_ENABLE_OBJC_WEAK = YES;
				CLANG_WARN_BLOCK_CAPTURE_AUTORELEASING = YES;
				CLANG_WARN_BOOL_CONVERSION = YES;
				CLANG_WARN_COMMA = YES;
				CLANG_WARN_CONSTANT_CONVERSION = YES;
				CLANG_WARN_DEPRECATED_OBJC_IMPLEMENTATIONS = YES;
				CLANG_WARN_DIRECT_OBJC_ISA_USAGE = YES_ERROR;
				CLANG_WARN_DOCUMENTATION_COMMENTS = YES;
				CLANG_WARN_EMPTY_BODY = YES;
				CLANG_WARN_ENUM_CONVERSION = YES;
				CLANG_WARN_INFINITE_RECURSION = YES;
				CLANG_WARN_INT_CONVERSION = YES;
				CLANG_WARN_NON_LITERAL_NULL_CONVERSION = YES;
				CLANG_WARN_OBJC_IMPLICIT_RETAIN_SELF = YES;
				CLANG_WARN_OBJC_LITERAL_CONVERSION = YES;
				CLANG_WARN_OBJC_ROOT_CLASS = YES_ERROR;
				CLANG_WARN_QUOTED_INCLUDE_IN_FRAMEWORK_HEADER = YES;
				CLANG_WARN_RANGE_LOOP_ANALYSIS = YES;
				CLANG_WARN_STRICT_PROTOTYPES = YES;
				CLANG_WARN_SUSPICIOUS_MOVE = YES;
				CLANG_WARN_UNGUARDED_AVAILABILITY = YES_AGGRESSIVE;
				CLANG_WARN_UNREACHABLE_CODE = YES;
				CLANG_WARN__DUPLICATE_METHOD_MATCH = YES;
				COPY_PHASE_STRIP = NO;
				DEBUG_INFORMATION_FORMAT = "dwarf-with-dsym";
				ENABLE_NS_ASSERTIONS = NO;
				ENABLE_STRICT_OBJC_MSGSEND = YES;
				ENABLE_USER_SCRIPT_SANDBOXING = YES;
				GCC_C_LANGUAGE_STANDARD = gnu17;
				GCC_NO_COMMON_BLOCKS = YES;
				GCC_WARN_64_TO_32_BIT_CONVERSION = YES;
				GCC_WARN_ABOUT_RETURN_TYPE = YES_ERROR;
				GCC_WARN_UNDECLARED_SELECTOR = YES;
				GCC_WARN_UNINITIALIZED_AUTOS = YES_AGGRESSIVE;
				GCC_WARN_UNUSED_FUNCTION = YES;
				GCC_WARN_UNUSED_VARIABLE = YES;
				IPHONEOS_DEPLOYMENT_TARGET = 18.2;
				LOCALIZATION_PREFERS_STRING_CATALOGS = YES;
				MTL_ENABLE_DEBUG_INFO = NO;
				MTL_FAST_MATH = YES;
				SDKROOT = iphoneos;
				SWIFT_COMPILATION_MODE = wholemodule;
				SWIFT_DEFAULT_ACTOR_ISOLATION = MainActor;
				VALIDATE_PRODUCT = YES;
			};
			name = Release;
		};
		69F539152D31CFD800AFBB3A /* Debug */ = {
			isa = XCBuildConfiguration;
			buildSettings = {
				ASSETCATALOG_COMPILER_APPICON_NAME = AppIcon;
				ASSETCATALOG_COMPILER_GLOBAL_ACCENT_COLOR_NAME = AccentColor;
				CODE_SIGN_STYLE = Automatic;
				CURRENT_PROJECT_VERSION = 1;
				DEVELOPMENT_ASSET_PATHS = "\"Biker/Preview Content\"";
				DEVELOPMENT_TEAM = 974LGL82GY;
				ENABLE_PREVIEWS = YES;
				GENERATE_INFOPLIST_FILE = YES;
				INFOPLIST_FILE = Biker/Info.plist;
				INFOPLIST_KEY_NSLocationWhenInUseUsageDescription = "Your location is used to display speed.";
				INFOPLIST_KEY_UIApplicationSceneManifest_Generation = YES;
				INFOPLIST_KEY_UIApplicationSupportsIndirectInputEvents = YES;
				INFOPLIST_KEY_UILaunchScreen_Generation = YES;
				INFOPLIST_KEY_UISupportedInterfaceOrientations_iPad = "UIInterfaceOrientationPortrait UIInterfaceOrientationPortraitUpsideDown UIInterfaceOrientationLandscapeLeft UIInterfaceOrientationLandscapeRight";
				INFOPLIST_KEY_UISupportedInterfaceOrientations_iPhone = "UIInterfaceOrientationPortrait UIInterfaceOrientationLandscapeLeft UIInterfaceOrientationLandscapeRight";
				LD_RUNPATH_SEARCH_PATHS = (
					"$(inherited)",
					"@executable_path/Frameworks",
				);
				MARKETING_VERSION = 1.0;
				PRODUCT_BUNDLE_IDENTIFIER = com.TTGStudios.Biker;
				PRODUCT_NAME = "$(TARGET_NAME)";
				SWIFT_APPROACHABLE_CONCURRENCY = YES;
				SWIFT_EMIT_LOC_STRINGS = YES;
				SWIFT_VERSION = 6.0;
				TARGETED_DEVICE_FAMILY = "1,2";
			};
			name = Debug;
		};
		69F539162D31CFD800AFBB3A /* Release */ = {
			isa = XCBuildConfiguration;
			buildSettings = {
				ASSETCATALOG_COMPILER_APPICON_NAME = AppIcon;
				ASSETCATALOG_COMPILER_GLOBAL_ACCENT_COLOR_NAME = AccentColor;
				CODE_SIGN_STYLE = Automatic;
				CURRENT_PROJECT_VERSION = 1;
				DEVELOPMENT_ASSET_PATHS = "\"Biker/Preview Content\"";
				DEVELOPMENT_TEAM = 974LGL82GY;
				ENABLE_PREVIEWS = YES;
				GENERATE_INFOPLIST_FILE = YES;
				INFOPLIST_FILE = Biker/Info.plist;
				INFOPLIST_KEY_NSLocationWhenInUseUsageDescription = "Your location is used to display speed.";
				INFOPLIST_KEY_UIApplicationSceneManifest_Generation = YES;
				INFOPLIST_KEY_UIApplicationSupportsIndirectInputEvents = YES;
				INFOPLIST_KEY_UILaunchScreen_Generation = YES;
				INFOPLIST_KEY_UISupportedInterfaceOrientations_iPad = "UIInterfaceOrientationPortrait UIInterfaceOrientationPortraitUpsideDown UIInterfaceOrientationLandscapeLeft UIInterfaceOrientationLandscapeRight";
				INFOPLIST_KEY_UISupportedInterfaceOrientations_iPhone = "UIInterfaceOrientationPortrait UIInterfaceOrientationLandscapeLeft UIInterfaceOrientationLandscapeRight";
				LD_RUNPATH_SEARCH_PATHS = (
					"$(inherited)",
					"@executable_path/Frameworks",
				);
				MARKETING_VERSION = 1.0;
				PRODUCT_BUNDLE_IDENTIFIER = com.TTGStudios.Biker;
				PRODUCT_NAME = "$(TARGET_NAME)";
				SWIFT_APPROACHABLE_CONCURRENCY = YES;
				SWIFT_EMIT_LOC_STRINGS = YES;
				SWIFT_VERSION = 6.0;
				TARGETED_DEVICE_FAMILY = "1,2";
			};
			name = Release;
		};
		69F539182D31CFD800AFBB3A /* Debug */ = {
			isa = XCBuildConfiguration;
			buildSettings = {
				BUNDLE_LOADER = "$(TEST_HOST)";
				CODE_SIGN_STYLE = Automatic;
				CURRENT_PROJECT_VERSION = 1;
				DEVELOPMENT_TEAM = 76MMS93BSG;
				GENERATE_INFOPLIST_FILE = YES;
				IPHONEOS_DEPLOYMENT_TARGET = 18.2;
				MARKETING_VERSION = 1.0;
				PRODUCT_BUNDLE_IDENTIFIER = com.TTGStudios.BikerTests;
				PRODUCT_NAME = "$(TARGET_NAME)";
				SWIFT_EMIT_LOC_STRINGS = NO;
				SWIFT_VERSION = 5.0;
				TARGETED_DEVICE_FAMILY = "1,2";
				TEST_HOST = "$(BUILT_PRODUCTS_DIR)/Biker.app/$(BUNDLE_EXECUTABLE_FOLDER_PATH)/Biker";
			};
			name = Debug;
		};
		69F539192D31CFD800AFBB3A /* Release */ = {
			isa = XCBuildConfiguration;
			buildSettings = {
				BUNDLE_LOADER = "$(TEST_HOST)";
				CODE_SIGN_STYLE = Automatic;
				CURRENT_PROJECT_VERSION = 1;
				DEVELOPMENT_TEAM = 76MMS93BSG;
				GENERATE_INFOPLIST_FILE = YES;
				IPHONEOS_DEPLOYMENT_TARGET = 18.2;
				MARKETING_VERSION = 1.0;
				PRODUCT_BUNDLE_IDENTIFIER = com.TTGStudios.BikerTests;
				PRODUCT_NAME = "$(TARGET_NAME)";
				SWIFT_EMIT_LOC_STRINGS = NO;
				SWIFT_VERSION = 5.0;
				TARGETED_DEVICE_FAMILY = "1,2";
				TEST_HOST = "$(BUILT_PRODUCTS_DIR)/Biker.app/$(BUNDLE_EXECUTABLE_FOLDER_PATH)/Biker";
			};
			name = Release;
		};
		69F5391B2D31CFD800AFBB3A /* Debug */ = {
			isa = XCBuildConfiguration;
			buildSettings = {
				CODE_SIGN_STYLE = Automatic;
				CURRENT_PROJECT_VERSION = 1;
				DEVELOPMENT_TEAM = 76MMS93BSG;
				GENERATE_INFOPLIST_FILE = YES;
				MARKETING_VERSION = 1.0;
				PRODUCT_BUNDLE_IDENTIFIER = com.TTGStudios.BikerUITests;
				PRODUCT_NAME = "$(TARGET_NAME)";
				SWIFT_EMIT_LOC_STRINGS = NO;
				SWIFT_VERSION = 5.0;
				TARGETED_DEVICE_FAMILY = "1,2";
				TEST_TARGET_NAME = Biker;
			};
			name = Debug;
		};
		69F5391C2D31CFD800AFBB3A /* Release */ = {
			isa = XCBuildConfiguration;
			buildSettings = {
				CODE_SIGN_STYLE = Automatic;
				CURRENT_PROJECT_VERSION = 1;
				DEVELOPMENT_TEAM = 76MMS93BSG;
				GENERATE_INFOPLIST_FILE = YES;
				MARKETING_VERSION = 1.0;
				PRODUCT_BUNDLE_IDENTIFIER = com.TTGStudios.BikerUITests;
				PRODUCT_NAME = "$(TARGET_NAME)";
				SWIFT_EMIT_LOC_STRINGS = NO;
				SWIFT_VERSION = 5.0;
				TARGETED_DEVICE_FAMILY = "1,2";
				TEST_TARGET_NAME = Biker;
			};
			name = Release;
		};
/* End XCBuildConfiguration section */

/* Begin XCConfigurationList section */
		69F538EB2D31CFD600AFBB3A /* Build configuration list for PBXProject "Biker" */ = {
			isa = XCConfigurationList;
			buildConfigurations = (
				69F539122D31CFD800AFBB3A /* Debug */,
				69F539132D31CFD800AFBB3A /* Release */,
			);
			defaultConfigurationIsVisible = 0;
			defaultConfigurationName = Release;
		};
		69F539142D31CFD800AFBB3A /* Build configuration list for PBXNativeTarget "Biker" */ = {
			isa = XCConfigurationList;
			buildConfigurations = (
				69F539152D31CFD800AFBB3A /* Debug */,
				69F539162D31CFD800AFBB3A /* Release */,
			);
			defaultConfigurationIsVisible = 0;
			defaultConfigurationName = Release;
		};
		69F539172D31CFD800AFBB3A /* Build configuration list for PBXNativeTarget "BikerTests" */ = {
			isa = XCConfigurationList;
			buildConfigurations = (
				69F539182D31CFD800AFBB3A /* Debug */,
				69F539192D31CFD800AFBB3A /* Release */,
			);
			defaultConfigurationIsVisible = 0;
			defaultConfigurationName = Release;
		};
		69F5391A2D31CFD800AFBB3A /* Build configuration list for PBXNativeTarget "BikerUITests" */ = {
			isa = XCConfigurationList;
			buildConfigurations = (
				69F5391B2D31CFD800AFBB3A /* Debug */,
				69F5391C2D31CFD800AFBB3A /* Release */,
			);
			defaultConfigurationIsVisible = 0;
			defaultConfigurationName = Release;
		};
/* End XCConfigurationList section */

/* Begin XCSwiftPackageProductDependency section */
		EA386B9A2DFF8E6400FEB1A1 /* SpeedFromLocationServices */ = {
			isa = XCSwiftPackageProductDependency;
			productName = SpeedFromLocationServices;
		};
/* End XCSwiftPackageProductDependency section */
	};
	rootObject = 69F538E82D31CFD600AFBB3A /* Project object */;
}
