<?xml version="1.0" encoding="UTF-8"?>
<Scheme
   LastUpgradeVersion = "2610"
   version = "1.7">
   <BuildAction
      parallelizeBuildables = "YES"
      buildImplicitDependencies = "YES"
      buildArchitectures = "Automatic">
      <BuildActionEntries>
         <BuildActionEntry
            buildForTesting = "YES"
            buildForRunning = "YES"
            buildForProfiling = "YES"
            buildForArchiving = "YES"
            buildForAnalyzing = "YES">
            <BuildableReference
               BuildableIdentifier = "primary"
               BlueprintIdentifier = "69F538EF2D31CFD600AFBB3A"
               BuildableName = "Biker.app"
               BlueprintName = "Biker"
               ReferencedContainer = "container:Biker.xcodeproj">
            </BuildableReference>
         </BuildActionEntry>
      </BuildActionEntries>
   </BuildAction>
   <TestAction
      buildConfiguration = "Debug"
      selectedDebuggerIdentifier = "Xcode.DebuggerFoundation.Debugger.LLDB"
      selectedLauncherIdentifier = "Xcode.DebuggerFoundation.Launcher.LLDB"
      shouldUseLaunchSchemeArgsEnv = "YES"
      shouldAutocreateTestPlan = "YES">
      <Testables>
         <TestableReference
            skipped = "NO"
            parallelizable = "YES"
            testExecutionOrdering = "random">
            <BuildableReference
               BuildableIdentifier = "primary"
               BlueprintIdentifier = "69F538FF2D31CFD800AFBB3A"
               BuildableName = "BikerTests.xctest"
               BlueprintName = "BikerTests"
               ReferencedContainer = "container:Biker.xcodeproj">
            </BuildableReference>
         </TestableReference>
         <TestableReference
            skipped = "NO"
            parallelizable = "YES"
            testExecutionOrdering = "random">
            <BuildableReference
               BuildableIdentifier = "primary"
               BlueprintIdentifier = "69F539092D31CFD800AFBB3A"
               BuildableName = "BikerUITests.xctest"
               BlueprintName = "BikerUITests"
               ReferencedContainer = "container:Biker.xcodeproj">
            </BuildableReference>
         </TestableReference>
         <TestableReference
            skipped = "NO"
            parallelizable = "YES"
            testExecutionOrdering = "random">
            <BuildableReference
               BuildableIdentifier = "primary"
               BlueprintIdentifier = "CoreLogicTests"
               BuildableName = "CoreLogicTests"
               BlueprintName = "CoreLogicTests"
               ReferencedContainer = "container:local packages/CoreLogic">
            </BuildableReference>
         </TestableReference>
         <TestableReference
            skipped = "NO"
            parallelizable = "YES"
            testExecutionOrdering = "random">
            <BuildableReference
               BuildableIdentifier = "primary"
               BlueprintIdentifier = "CyclingSpeedAndCadenceServiceTests"
               BuildableName = "CyclingSpeedAndCadenceServiceTests"
               BlueprintName = "CyclingSpeedAndCadenceServiceTests"
               ReferencedContainer = "container:local packages/CyclingSpeedAndCadenceService">
            </BuildableReference>
         </TestableReference>
         <TestableReference
            skipped = "NO"
            parallelizable = "YES"
            testExecutionOrdering = "random">
            <BuildableReference
               BuildableIdentifier = "primary"
               BlueprintIdentifier = "DashboardModelTests"
               BuildableName = "DashboardModelTests"
               BlueprintName = "DashboardModelTests"
               ReferencedContainer = "container:local packages/Dashboard">
            </BuildableReference>
         </TestableReference>
         <TestableReference
            skipped = "NO"
            parallelizable = "YES"
            testExecutionOrdering = "random">
            <BuildableReference
               BuildableIdentifier = "primary"
               BlueprintIdentifier = "DashboardVMTests"
               BuildableName = "DashboardVMTests"
               BlueprintName = "DashboardVMTests"
               ReferencedContainer = "container:local packages/Dashboard">
            </BuildableReference>
         </TestableReference>
         <TestableReference
            skipped = "NO"
            parallelizable = "YES"
            testExecutionOrdering = "random">
            <BuildableReference
               BuildableIdentifier = "primary"
               BlueprintIdentifier = "DashboardUITests"
               BuildableName = "DashboardUITests"
               BlueprintName = "DashboardUITests"
               ReferencedContainer = "container:local packages/Dashboard">
            </BuildableReference>
         </TestableReference>
         <TestableReference
            skipped = "NO"
            parallelizable = "YES"
            testExecutionOrdering = "random">
            <BuildableReference
               BuildableIdentifier = "primary"
               BlueprintIdentifier = "DependencyContainerTests"
               BuildableName = "DependencyContainerTests"
               BlueprintName = "DependencyContainerTests"
               ReferencedContainer = "container:local packages/DependencyContainer">
            </BuildableReference>
         </TestableReference>
         <TestableReference
            skipped = "NO"
            parallelizable = "YES"
            testExecutionOrdering = "random">
            <BuildableReference
               BuildableIdentifier = "primary"
               BlueprintIdentifier = "DesignSystemTests"
               BuildableName = "DesignSystemTests"
               BlueprintName = "DesignSystemTests"
               ReferencedContainer = "container:local packages/DesignSystem">
            </BuildableReference>
         </TestableReference>
         <TestableReference
            skipped = "NO"
            parallelizable = "YES"
            testExecutionOrdering = "random">
            <BuildableReference
               BuildableIdentifier = "primary"
               BlueprintIdentifier = "MainVMTests"
               BuildableName = "MainVMTests"
               BlueprintName = "MainVMTests"
               ReferencedContainer = "container:local packages/MainView">
            </BuildableReference>
         </TestableReference>
         <TestableReference
            skipped = "NO"
            parallelizable = "YES"
            testExecutionOrdering = "random">
            <BuildableReference
               BuildableIdentifier = "primary"
               BlueprintIdentifier = "MainUITests"
               BuildableName = "MainUITests"
               BlueprintName = "MainUITests"
               ReferencedContainer = "container:local packages/MainView">
            </BuildableReference>
         </TestableReference>
         <TestableReference
            skipped = "NO"
            parallelizable = "YES"
            testExecutionOrdering = "random">
            <BuildableReference
               BuildableIdentifier = "primary"
               BlueprintIdentifier = "MetricsFromCoreLocationTests"
               BuildableName = "MetricsFromCoreLocationTests"
               BlueprintName = "MetricsFromCoreLocationTests"
               ReferencedContainer = "container:local packages/MetricsFromCoreLocation">
            </BuildableReference>
         </TestableReference>
         <TestableReference
            skipped = "NO"
            parallelizable = "YES"
            testExecutionOrdering = "random">
            <BuildableReference
               BuildableIdentifier = "primary"
               BlueprintIdentifier = "SettingsModelTests"
               BuildableName = "SettingsModelTests"
               BlueprintName = "SettingsModelTests"
               ReferencedContainer = "container:local packages/Settings">
            </BuildableReference>
         </TestableReference>
         <TestableReference
            skipped = "NO"
            parallelizable = "YES"
            testExecutionOrdering = "random">
            <BuildableReference
               BuildableIdentifier = "primary"
               BlueprintIdentifier = "SettingsVMTests"
               BuildableName = "SettingsVMTests"
               BlueprintName = "SettingsVMTests"
               ReferencedContainer = "container:local packages/Settings">
            </BuildableReference>
         </TestableReference>
         <TestableReference
            skipped = "NO"
            parallelizable = "YES"
            testExecutionOrdering = "random">
            <BuildableReference
               BuildableIdentifier = "primary"
               BlueprintIdentifier = "SettingsUITests"
               BuildableName = "SettingsUITests"
               BlueprintName = "SettingsUITests"
               ReferencedContainer = "container:local packages/Settings">
            </BuildableReference>
         </TestableReference>
      </Testables>
   </TestAction>
   <LaunchAction
      buildConfiguration = "Debug"
      selectedDebuggerIdentifier = "Xcode.DebuggerFoundation.Debugger.LLDB"
      selectedLauncherIdentifier = "Xcode.DebuggerFoundation.Launcher.LLDB"
      launchStyle = "0"
      useCustomWorkingDirectory = "NO"
      ignoresPersistentStateOnLaunch = "NO"
      debugDocumentVersioning = "YES"
      debugServiceExtension = "internal"
      allowLocationSimulation = "YES">
      <BuildableProductRunnable
         runnableDebuggingMode = "0">
         <BuildableReference
            BuildableIdentifier = "primary"
            BlueprintIdentifier = "69F538EF2D31CFD600AFBB3A"
            BuildableName = "Biker.app"
            BlueprintName = "Biker"
            ReferencedContainer = "container:Biker.xcodeproj">
         </BuildableReference>
      </BuildableProductRunnable>
   </LaunchAction>
   <ProfileAction
      buildConfiguration = "Release"
      shouldUseLaunchSchemeArgsEnv = "YES"
      savedToolIdentifier = ""
      useCustomWorkingDirectory = "NO"
      debugDocumentVersioning = "YES">
      <BuildableProductRunnable
         runnableDebuggingMode = "0">
         <BuildableReference
            BuildableIdentifier = "primary"
            BlueprintIdentifier = "69F538EF2D31CFD600AFBB3A"
            BuildableName = "Biker.app"
            BlueprintName = "Biker"
            ReferencedContainer = "container:Biker.xcodeproj">
         </BuildableReference>
      </BuildableProductRunnable>
   </ProfileAction>
   <AnalyzeAction
      buildConfiguration = "Debug">
   </AnalyzeAction>
   <ArchiveAction
      buildConfiguration = "Release"
      revealArchiveInOrganizer = "YES">
   </ArchiveAction>
</Scheme>
