{
  "originHash" : "2f427b966a2dd24a97e356316ffc4db7589f561e68c2a356ae9386f1e0012cf3",
  "pins" : [
    {
      "identity" : "asynccorebluetooth",
      "kind" : "remoteSourceControl",
      "location" : "https://github.com/meech-ward/AsyncCoreBluetooth.git",
      "state" : {
        "branch" : "main",
        "revision" : "39f1d518c879ed70b29ea90a2e014b5d84aa81c9"
      }
    },
    {
      "identity" : "asyncobservable",
      "kind" : "remoteSourceControl",
      "location" : "https://github.com/meech-ward/AsyncObservable.git",
      "state" : {
        "branch" : "main",
        "revision" : "0c7bdec1fb0c5341de7e463385683cb0b655f885"
      }
    },
    {
      "identity" : "ios-corebluetooth-mock",
      "kind" : "remoteSourceControl",
      "location" : "https://github.com/meech-ward/IOS-CoreBluetooth-Mock.git",
      "state" : {
        "branch" : "main",
        "revision" : "10845e90f870a20c5b0a0471a28c8bff8ca2027a"
      }
    },
    {
      "identity" : "swift-collections",
      "kind" : "remoteSourceControl",
      "location" : "https://github.com/apple/swift-collections.git",
      "state" : {
        "revision" : "c11818f3cae0780656baa430b49e7f163f08dffd",
        "version" : "1.1.6"
      }
    }
  ],
  "version" : 3
}
